PODS:
  - AFNetworking (4.0.1):
    - AFNetworking/NSURLSession (= 4.0.1)
    - AFNetworking/Reachability (= 4.0.1)
    - AFNetworking/Security (= 4.0.1)
    - AFNetworking/Serialization (= 4.0.1)
    - AFNetworking/UIKit (= 4.0.1)
  - AFNetworking/NSURLSession (4.0.1):
    - AFNetworking/Reachability
    - AFNetworking/Security
    - AFNetworking/Serialization
  - AFNetworking/Reachability (4.0.1)
  - AFNetworking/Security (4.0.1)
  - AFNetworking/Serialization (4.0.1)
  - AFNetworking/UIKit (4.0.1):
    - AFNetworking/NSURLSession
  - AliRTCSdk (1.19.2007212):
    - AliRTCSdk/AliRTCSdk (= 1.19.2007212)
  - AliRTCSdk/AliRTCSdk (1.19.2007212)
  - MBProgressHUD (1.2.0)
  - RTCCommon (0.1.0):
    - AFNetworking
  - RTCCommonView (0.1.0):
    - MBProgressHUD
    - RTCCommon
  - RTCInteractiveLiveClass (0.1.0):
    - AFNetworking
    - AliRTCSdk
    - RTCCommon
    - RTCCommonView

DEPENDENCIES:
  - AFNetworking (= 4.0.1)
  - AliRTCSdk (from `AliRtcSDK_iOS`)
  - RTCCommon (from `./RTCCommon`)
  - RTCCommonView (from `./RTCCommonView`)
  - RTCInteractiveLiveClass (from `./RTCInteractiveLiveClass`)

SPEC REPOS:
  https://github.com/CocoaPods/Specs.git:
    - AFNetworking
    - MBProgressHUD

EXTERNAL SOURCES:
  AliRTCSdk:
    :path: AliRtcSDK_iOS
  RTCCommon:
    :path: "./RTCCommon"
  RTCCommonView:
    :path: "./RTCCommonView"
  RTCInteractiveLiveClass:
    :path: "./RTCInteractiveLiveClass"

SPEC CHECKSUMS:
  AFNetworking: 7864c38297c79aaca1500c33288e429c3451fdce
  AliRTCSdk: c1321ef2fcea1247df110ddea2abdd47cd1cd3b1
  MBProgressHUD: 3ee5efcc380f6a79a7cc9b363dd669c5e1ae7406
  RTCCommon: 9132e1533863bf06b0e0963701f08f66cfbdef35
  RTCCommonView: fd95938c23a53cdfde54c04b7a7b7afdd3b717a8
  RTCInteractiveLiveClass: c8aa5b63351fe320511d4fb6d51e8b112cd9105a

PODFILE CHECKSUM: 3a82eb90f3bd3359be7308af1af851919b5909ae

COCOAPODS: 1.5.0
